// !$*UTF8*$!
{
	archiveVersion = 1;
	classes = {
	};
	objectVersion = 46;
	objects = {

/* Begin PBXBuildFile section */
		2C6807DF1739A8CF00DF430D /* ASIAuthenticationDialog.m in Sources */ = {isa = PBXBuildFile; fileRef = 2C6807CA1739A8CF00DF430D /* ASIAuthenticationDialog.m */; };
		2C6807E01739A8CF00DF430D /* ASIDataCompressor.m in Sources */ = {isa = PBXBuildFile; fileRef = 2C6807CD1739A8CF00DF430D /* ASIDataCompressor.m */; };
		2C6807E11739A8CF00DF430D /* ASIDataDecompressor.m in Sources */ = {isa = PBXBuildFile; fileRef = 2C6807CF1739A8CF00DF430D /* ASIDataDecompressor.m */; };
		2C6807E21739A8CF00DF430D /* ASIDownloadCache.m in Sources */ = {isa = PBXBuildFile; fileRef = 2C6807D11739A8CF00DF430D /* ASIDownloadCache.m */; };
		2C6807E31739A8CF00DF430D /* ASIFormDataRequest.m in Sources */ = {isa = PBXBuildFile; fileRef = 2C6807D31739A8CF00DF430D /* ASIFormDataRequest.m */; };
		2C6807E41739A8CF00DF430D /* ASIHTTPRequest.m in Sources */ = {isa = PBXBuildFile; fileRef = 2C6807D51739A8CF00DF430D /* ASIHTTPRequest.m */; };
		2C6807E51739A8CF00DF430D /* ASIInputStream.m in Sources */ = {isa = PBXBuildFile; fileRef = 2C6807D91739A8CF00DF430D /* ASIInputStream.m */; };
		2C6807E61739A8CF00DF430D /* ASINetworkQueue.m in Sources */ = {isa = PBXBuildFile; fileRef = 2C6807DB1739A8CF00DF430D /* ASINetworkQueue.m */; };
		2C6807E71739A8CF00DF430D /* Reachability.m in Sources */ = {isa = PBXBuildFile; fileRef = 2C6807DE1739A8CF00DF430D /* Reachability.m */; };
		2CE00FB3173996E60007C0CC /* CFNetwork.framework in Frameworks */ = {isa = PBXBuildFile; fileRef = 2CE00FB2173996E60007C0CC /* CFNetwork.framework */; };
		2CE00FB5173996EB0007C0CC /* SystemConfiguration.framework in Frameworks */ = {isa = PBXBuildFile; fileRef = 2CE00FB4173996EB0007C0CC /* SystemConfiguration.framework */; };
		2CE00FB7173996F40007C0CC /* MobileCoreServices.framework in Frameworks */ = {isa = PBXBuildFile; fileRef = 2CE00FB6173996F40007C0CC /* MobileCoreServices.framework */; };
		2CE00FB9173997040007C0CC /* libz.dylib in Frameworks */ = {isa = PBXBuildFile; fileRef = 2CE00FB8173997040007C0CC /* libz.dylib */; };
		2CE00FBB1739970D0007C0CC /* libxml2.dylib in Frameworks */ = {isa = PBXBuildFile; fileRef = 2CE00FBA1739970D0007C0CC /* libxml2.dylib */; };
		8410D3991739E6AD00DA74B2 /* pin.png in Resources */ = {isa = PBXBuildFile; fileRef = 8410D3981739E6AD00DA74B2 /* pin.png */; };
		8410D39C1739FA0D00DA74B2 /* SKMapDetail.m in Sources */ = {isa = PBXBuildFile; fileRef = 8410D39B1739FA0D00DA74B2 /* SKMapDetail.m */; };
		8412686116EA4F9200A85E65 /* SKFindPlace.m in Sources */ = {isa = PBXBuildFile; fileRef = 8412686016EA4F9200A85E65 /* SKFindPlace.m */; };
		841268A016EA58A300A85E65 /* MapKit.framework in Frameworks */ = {isa = PBXBuildFile; fileRef = 8412689F16EA58A300A85E65 /* MapKit.framework */; };
		841BAE2A175D94F600AF21F4 /* SKAPI.m in Sources */ = {isa = PBXBuildFile; fileRef = 841BAE29175D94F600AF21F4 /* SKAPI.m */; };
		84239469173967D100C42158 /* SKJoinDetail.m in Sources */ = {isa = PBXBuildFile; fileRef = 84239468173967D100C42158 /* SKJoinDetail.m */; };
		8423946E173968AB00C42158 /* BDKNotifyHUD.m in Sources */ = {isa = PBXBuildFile; fileRef = 8423946C173968AB00C42158 /* BDKNotifyHUD.m */; };
		8423946F173968AB00C42158 /* Checkmark.png in Resources */ = {isa = PBXBuildFile; fileRef = 8423946D173968AB00C42158 /* Checkmark.png */; };
		8423947A17396E0600C42158 /* BasicMapAnnotation.m in Sources */ = {isa = PBXBuildFile; fileRef = 8423947217396E0600C42158 /* BasicMapAnnotation.m */; };
		8423947B17396E0600C42158 /* CallOutAnnotationVifew.m in Sources */ = {isa = PBXBuildFile; fileRef = 8423947417396E0600C42158 /* CallOutAnnotationVifew.m */; };
		8423947C17396E0600C42158 /* CalloutMapAnnotation.m in Sources */ = {isa = PBXBuildFile; fileRef = 8423947617396E0600C42158 /* CalloutMapAnnotation.m */; };
		8423947D17396E0600C42158 /* JingDianMapCell.m in Sources */ = {isa = PBXBuildFile; fileRef = 8423947817396E0600C42158 /* JingDianMapCell.m */; };
		8423947E17396E0600C42158 /* JingDianMapCell.xib in Resources */ = {isa = PBXBuildFile; fileRef = 8423947917396E0600C42158 /* JingDianMapCell.xib */; };
		8423948017396FF900C42158 /* CoreLocation.framework in Frameworks */ = {isa = PBXBuildFile; fileRef = 8423947F17396FF900C42158 /* CoreLocation.framework */; };
		842707FA16EF922C00C2CC4F /* placecell.xib in Resources */ = {isa = PBXBuildFile; fileRef = 842707F416EF922C00C2CC4F /* placecell.xib */; };
		842707FB16EF922C00C2CC4F /* placecell.m in Sources */ = {isa = PBXBuildFile; fileRef = 842707F616EF922C00C2CC4F /* placecell.m */; };
		842707FC16EF922C00C2CC4F /* sportcell.xib in Resources */ = {isa = PBXBuildFile; fileRef = 842707F716EF922C00C2CC4F /* sportcell.xib */; };
		842707FD16EF922C00C2CC4F /* sportcell.m in Sources */ = {isa = PBXBuildFile; fileRef = 842707F916EF922C00C2CC4F /* sportcell.m */; };
		8427080C16EF926500C2CC4F /* people.png in Resources */ = {isa = PBXBuildFile; fileRef = 842707FF16EF926500C2CC4F /* people.png */; };
		8427080D16EF926500C2CC4F /* badminton.png in Resources */ = {isa = PBXBuildFile; fileRef = 8427080016EF926500C2CC4F /* badminton.png */; };
		8427080E16EF926500C2CC4F /* fake.jpg in Resources */ = {isa = PBXBuildFile; fileRef = 8427080116EF926500C2CC4F /* fake.jpg */; };
		8427080F16EF926500C2CC4F /* baseball.png in Resources */ = {isa = PBXBuildFile; fileRef = 8427080216EF926500C2CC4F /* baseball.png */; };
		8427081016EF926500C2CC4F /* basketball.png in Resources */ = {isa = PBXBuildFile; fileRef = 8427080316EF926500C2CC4F /* basketball.png */; };
		8427081116EF926500C2CC4F /* football.png in Resources */ = {isa = PBXBuildFile; fileRef = 8427080416EF926500C2CC4F /* football.png */; };
		8427081216EF926500C2CC4F /* bg.jpg in Resources */ = {isa = PBXBuildFile; fileRef = 8427080516EF926500C2CC4F /* bg.jpg */; };
		8427081316EF926500C2CC4F /* soccer.png in Resources */ = {isa = PBXBuildFile; fileRef = 8427080616EF926500C2CC4F /* soccer.png */; };
		8427081416EF926500C2CC4F /* tennis.png in Resources */ = {isa = PBXBuildFile; fileRef = 8427080716EF926500C2CC4F /* tennis.png */; };
		8427081516EF926500C2CC4F /* volleyball.png in Resources */ = {isa = PBXBuildFile; fileRef = 8427080816EF926500C2CC4F /* volleyball.png */; };
		8427081616EF926500C2CC4F /* join.jpg in Resources */ = {isa = PBXBuildFile; fileRef = 8427080916EF926500C2CC4F /* join.jpg */; };
		8427081716EF926500C2CC4F /* knowledge.jpg in Resources */ = {isa = PBXBuildFile; fileRef = 8427080A16EF926500C2CC4F /* knowledge.jpg */; };
		8427081816EF926500C2CC4F /* place.jpg in Resources */ = {isa = PBXBuildFile; fileRef = 8427080B16EF926500C2CC4F /* place.jpg */; };
		8427082616EF96F700C2CC4F /* FPPopoverController.m in Sources */ = {isa = PBXBuildFile; fileRef = 8427082116EF96F700C2CC4F /* FPPopoverController.m */; };
		8427082716EF96F700C2CC4F /* FPPopoverView.m in Sources */ = {isa = PBXBuildFile; fileRef = 8427082316EF96F700C2CC4F /* FPPopoverView.m */; };
		8427082816EF96F700C2CC4F /* FPTouchView.m in Sources */ = {isa = PBXBuildFile; fileRef = 8427082516EF96F700C2CC4F /* FPTouchView.m */; };
		8427082C16EF9AE800C2CC4F /* SKSelectKind.m in Sources */ = {isa = PBXBuildFile; fileRef = 8427082A16EF9AE800C2CC4F /* SKSelectKind.m */; };
		8427082D16EF9AE800C2CC4F /* SKSelectKind.xib in Resources */ = {isa = PBXBuildFile; fileRef = 8427082B16EF9AE800C2CC4F /* SKSelectKind.xib */; };
		842BA2FE173E46F80044D6B6 /* SKPlaceData.m in Sources */ = {isa = PBXBuildFile; fileRef = 842BA2FD173E46F80044D6B6 /* SKPlaceData.m */; };
		842BA301173E47020044D6B6 /* SKJoinData.m in Sources */ = {isa = PBXBuildFile; fileRef = 842BA300173E47020044D6B6 /* SKJoinData.m */; };
		842BA303173F32830044D6B6 /* Social.framework in Frameworks */ = {isa = PBXBuildFile; fileRef = 842BA302173F32830044D6B6 /* Social.framework */; };
		842BA305173F37F40044D6B6 /* Accounts.framework in Frameworks */ = {isa = PBXBuildFile; fileRef = 842BA304173F37F40044D6B6 /* Accounts.framework */; };
		8436EE79175E5A6800BB34AF /* NSObject+SBJSON.m in Sources */ = {isa = PBXBuildFile; fileRef = 8436EE70175E5A6800BB34AF /* NSObject+SBJSON.m */; };
		8436EE7A175E5A6800BB34AF /* NSString+SBJSON.m in Sources */ = {isa = PBXBuildFile; fileRef = 8436EE72175E5A6800BB34AF /* NSString+SBJSON.m */; };
		8436EE7B175E5A6800BB34AF /* SBJsonBase.m in Sources */ = {isa = PBXBuildFile; fileRef = 8436EE74175E5A6800BB34AF /* SBJsonBase.m */; };
		8436EE7C175E5A6800BB34AF /* SBJsonParser.m in Sources */ = {isa = PBXBuildFile; fileRef = 8436EE76175E5A6800BB34AF /* SBJsonParser.m */; };
		8436EE7D175E5A6800BB34AF /* SBJsonWriter.m in Sources */ = {isa = PBXBuildFile; fileRef = 8436EE78175E5A6800BB34AF /* SBJsonWriter.m */; };
		84BABF0C16EDAA2D00BDD596 /* SKJoin.m in Sources */ = {isa = PBXBuildFile; fileRef = 84BABF0B16EDAA2D00BDD596 /* SKJoin.m */; };
		84BABF0F16EDAB1300BDD596 /* SKKnowledge.m in Sources */ = {isa = PBXBuildFile; fileRef = 84BABF0E16EDAB1300BDD596 /* SKKnowledge.m */; };
		84EEC0B716E8491000E799DD /* UIKit.framework in Frameworks */ = {isa = PBXBuildFile; fileRef = 84EEC0B616E8491000E799DD /* UIKit.framework */; };
		84EEC0B916E8491000E799DD /* Foundation.framework in Frameworks */ = {isa = PBXBuildFile; fileRef = 84EEC0B816E8491000E799DD /* Foundation.framework */; };
		84EEC0BB16E8491000E799DD /* CoreGraphics.framework in Frameworks */ = {isa = PBXBuildFile; fileRef = 84EEC0BA16E8491000E799DD /* CoreGraphics.framework */; };
		84EEC0C116E8491000E799DD /* InfoPlist.strings in Resources */ = {isa = PBXBuildFile; fileRef = 84EEC0BF16E8491000E799DD /* InfoPlist.strings */; };
		84EEC0C316E8491000E799DD /* main.m in Sources */ = {isa = PBXBuildFile; fileRef = 84EEC0C216E8491000E799DD /* main.m */; };
		84EEC0C716E8491000E799DD /* SKAppDelegate.m in Sources */ = {isa = PBXBuildFile; fileRef = 84EEC0C616E8491000E799DD /* SKAppDelegate.m */; };
		84EEC0C916E8491000E799DD /* Default.png in Resources */ = {isa = PBXBuildFile; fileRef = 84EEC0C816E8491000E799DD /* Default.png */; };
		84EEC0CB16E8491000E799DD /* Default@2x.png in Resources */ = {isa = PBXBuildFile; fileRef = 84EEC0CA16E8491000E799DD /* Default@2x.png */; };
		84EEC0CD16E8491000E799DD /* Default-568h@2x.png in Resources */ = {isa = PBXBuildFile; fileRef = 84EEC0CC16E8491000E799DD /* Default-568h@2x.png */; };
		84EEC0D016E8491000E799DD /* MainStoryboard_iPhone.storyboard in Resources */ = {isa = PBXBuildFile; fileRef = 84EEC0CE16E8491000E799DD /* MainStoryboard_iPhone.storyboard */; };
		84EEC0D316E8491000E799DD /* MainStoryboard_iPad.storyboard in Resources */ = {isa = PBXBuildFile; fileRef = 84EEC0D116E8491000E799DD /* MainStoryboard_iPad.storyboard */; };
		84EEC0D616E8491000E799DD /* SKViewController.m in Sources */ = {isa = PBXBuildFile; fileRef = 84EEC0D516E8491000E799DD /* SKViewController.m */; };
/* End PBXBuildFile section */

/* Begin PBXFileReference section */
		2C6807C91739A8CF00DF430D /* ASIAuthenticationDialog.h */ = {isa = PBXFileReference; fileEncoding = 4; lastKnownFileType = sourcecode.c.h; path = ASIAuthenticationDialog.h; sourceTree = "<group>"; };
		2C6807CA1739A8CF00DF430D /* ASIAuthenticationDialog.m */ = {isa = PBXFileReference; fileEncoding = 4; lastKnownFileType = sourcecode.c.objc; path = ASIAuthenticationDialog.m; sourceTree = "<group>"; };
		2C6807CB1739A8CF00DF430D /* ASICacheDelegate.h */ = {isa = PBXFileReference; fileEncoding = 4; lastKnownFileType = sourcecode.c.h; path = ASICacheDelegate.h; sourceTree = "<group>"; };
		2C6807CC1739A8CF00DF430D /* ASIDataCompressor.h */ = {isa = PBXFileReference; fileEncoding = 4; lastKnownFileType = sourcecode.c.h; path = ASIDataCompressor.h; sourceTree = "<group>"; };
		2C6807CD1739A8CF00DF430D /* ASIDataCompressor.m */ = {isa = PBXFileReference; fileEncoding = 4; lastKnownFileType = sourcecode.c.objc; path = ASIDataCompressor.m; sourceTree = "<group>"; };
		2C6807CE1739A8CF00DF430D /* ASIDataDecompressor.h */ = {isa = PBXFileReference; fileEncoding = 4; lastKnownFileType = sourcecode.c.h; path = ASIDataDecompressor.h; sourceTree = "<group>"; };
		2C6807CF1739A8CF00DF430D /* ASIDataDecompressor.m */ = {isa = PBXFileReference; fileEncoding = 4; lastKnownFileType = sourcecode.c.objc; path = ASIDataDecompressor.m; sourceTree = "<group>"; };
		2C6807D01739A8CF00DF430D /* ASIDownloadCache.h */ = {isa = PBXFileReference; fileEncoding = 4; lastKnownFileType = sourcecode.c.h; path = ASIDownloadCache.h; sourceTree = "<group>"; };
		2C6807D11739A8CF00DF430D /* ASIDownloadCache.m */ = {isa = PBXFileReference; fileEncoding = 4; lastKnownFileType = sourcecode.c.objc; path = ASIDownloadCache.m; sourceTree = "<group>"; };
		2C6807D21739A8CF00DF430D /* ASIFormDataRequest.h */ = {isa = PBXFileReference; fileEncoding = 4; lastKnownFileType = sourcecode.c.h; path = ASIFormDataRequest.h; sourceTree = "<group>"; };
		2C6807D31739A8CF00DF430D /* ASIFormDataRequest.m */ = {isa = PBXFileReference; fileEncoding = 4; lastKnownFileType = sourcecode.c.objc; path = ASIFormDataRequest.m; sourceTree = "<group>"; };
		2C6807D41739A8CF00DF430D /* ASIHTTPRequest.h */ = {isa = PBXFileReference; fileEncoding = 4; lastKnownFileType = sourcecode.c.h; path = ASIHTTPRequest.h; sourceTree = "<group>"; };
		2C6807D51739A8CF00DF430D /* ASIHTTPRequest.m */ = {isa = PBXFileReference; fileEncoding = 4; lastKnownFileType = sourcecode.c.objc; path = ASIHTTPRequest.m; sourceTree = "<group>"; };
		2C6807D61739A8CF00DF430D /* ASIHTTPRequestConfig.h */ = {isa = PBXFileReference; fileEncoding = 4; lastKnownFileType = sourcecode.c.h; path = ASIHTTPRequestConfig.h; sourceTree = "<group>"; };
		2C6807D71739A8CF00DF430D /* ASIHTTPRequestDelegate.h */ = {isa = PBXFileReference; fileEncoding = 4; lastKnownFileType = sourcecode.c.h; path = ASIHTTPRequestDelegate.h; sourceTree = "<group>"; };
		2C6807D81739A8CF00DF430D /* ASIInputStream.h */ = {isa = PBXFileReference; fileEncoding = 4; lastKnownFileType = sourcecode.c.h; path = ASIInputStream.h; sourceTree = "<group>"; };
		2C6807D91739A8CF00DF430D /* ASIInputStream.m */ = {isa = PBXFileReference; fileEncoding = 4; lastKnownFileType = sourcecode.c.objc; path = ASIInputStream.m; sourceTree = "<group>"; };
		2C6807DA1739A8CF00DF430D /* ASINetworkQueue.h */ = {isa = PBXFileReference; fileEncoding = 4; lastKnownFileType = sourcecode.c.h; path = ASINetworkQueue.h; sourceTree = "<group>"; };
		2C6807DB1739A8CF00DF430D /* ASINetworkQueue.m */ = {isa = PBXFileReference; fileEncoding = 4; lastKnownFileType = sourcecode.c.objc; path = ASINetworkQueue.m; sourceTree = "<group>"; };
		2C6807DC1739A8CF00DF430D /* ASIProgressDelegate.h */ = {isa = PBXFileReference; fileEncoding = 4; lastKnownFileType = sourcecode.c.h; path = ASIProgressDelegate.h; sourceTree = "<group>"; };
		2C6807DD1739A8CF00DF430D /* Reachability.h */ = {isa = PBXFileReference; fileEncoding = 4; lastKnownFileType = sourcecode.c.h; path = Reachability.h; sourceTree = "<group>"; };
		2C6807DE1739A8CF00DF430D /* Reachability.m */ = {isa = PBXFileReference; fileEncoding = 4; lastKnownFileType = sourcecode.c.objc; path = Reachability.m; sourceTree = "<group>"; };
		2C6807E91739A91300DF430D /* JSONDictionaryExtensions.h */ = {isa = PBXFileReference; fileEncoding = 4; lastKnownFileType = sourcecode.c.h; path = JSONDictionaryExtensions.h; sourceTree = "<group>"; };
		2CE00FB2173996E60007C0CC /* CFNetwork.framework */ = {isa = PBXFileReference; lastKnownFileType = wrapper.framework; name = CFNetwork.framework; path = System/Library/Frameworks/CFNetwork.framework; sourceTree = SDKROOT; };
		2CE00FB4173996EB0007C0CC /* SystemConfiguration.framework */ = {isa = PBXFileReference; lastKnownFileType = wrapper.framework; name = SystemConfiguration.framework; path = System/Library/Frameworks/SystemConfiguration.framework; sourceTree = SDKROOT; };
		2CE00FB6173996F40007C0CC /* MobileCoreServices.framework */ = {isa = PBXFileReference; lastKnownFileType = wrapper.framework; name = MobileCoreServices.framework; path = System/Library/Frameworks/MobileCoreServices.framework; sourceTree = SDKROOT; };
		2CE00FB8173997040007C0CC /* libz.dylib */ = {isa = PBXFileReference; lastKnownFileType = "compiled.mach-o.dylib"; name = libz.dylib; path = usr/lib/libz.dylib; sourceTree = SDKROOT; };
		2CE00FBA1739970D0007C0CC /* libxml2.dylib */ = {isa = PBXFileReference; lastKnownFileType = "compiled.mach-o.dylib"; name = libxml2.dylib; path = usr/lib/libxml2.dylib; sourceTree = SDKROOT; };
		8410D3981739E6AD00DA74B2 /* pin.png */ = {isa = PBXFileReference; lastKnownFileType = image.png; path = pin.png; sourceTree = "<group>"; };
		8410D39A1739FA0D00DA74B2 /* SKMapDetail.h */ = {isa = PBXFileReference; fileEncoding = 4; lastKnownFileType = sourcecode.c.h; path = SKMapDetail.h; sourceTree = "<group>"; };
		8410D39B1739FA0D00DA74B2 /* SKMapDetail.m */ = {isa = PBXFileReference; fileEncoding = 4; lastKnownFileType = sourcecode.c.objc; path = SKMapDetail.m; sourceTree = "<group>"; };
		8412685F16EA4F9200A85E65 /* SKFindPlace.h */ = {isa = PBXFileReference; fileEncoding = 4; lastKnownFileType = sourcecode.c.h; path = SKFindPlace.h; sourceTree = "<group>"; };
		8412686016EA4F9200A85E65 /* SKFindPlace.m */ = {isa = PBXFileReference; fileEncoding = 4; lastKnownFileType = sourcecode.c.objc; path = SKFindPlace.m; sourceTree = "<group>"; };
		8412689F16EA58A300A85E65 /* MapKit.framework */ = {isa = PBXFileReference; lastKnownFileType = wrapper.framework; name = MapKit.framework; path = System/Library/Frameworks/MapKit.framework; sourceTree = SDKROOT; };
		841BAE28175D94F600AF21F4 /* SKAPI.h */ = {isa = PBXFileReference; fileEncoding = 4; lastKnownFileType = sourcecode.c.h; path = SKAPI.h; sourceTree = "<group>"; };
		841BAE29175D94F600AF21F4 /* SKAPI.m */ = {isa = PBXFileReference; fileEncoding = 4; lastKnownFileType = sourcecode.c.objc; path = SKAPI.m; sourceTree = "<group>"; };
		84239467173967D100C42158 /* SKJoinDetail.h */ = {isa = PBXFileReference; fileEncoding = 4; lastKnownFileType = sourcecode.c.h; path = SKJoinDetail.h; sourceTree = "<group>"; };
		84239468173967D100C42158 /* SKJoinDetail.m */ = {isa = PBXFileReference; fileEncoding = 4; lastKnownFileType = sourcecode.c.objc; path = SKJoinDetail.m; sourceTree = "<group>"; };
		8423946B173968AB00C42158 /* BDKNotifyHUD.h */ = {isa = PBXFileReference; fileEncoding = 4; lastKnownFileType = sourcecode.c.h; path = BDKNotifyHUD.h; sourceTree = "<group>"; };
		8423946C173968AB00C42158 /* BDKNotifyHUD.m */ = {isa = PBXFileReference; fileEncoding = 4; lastKnownFileType = sourcecode.c.objc; path = BDKNotifyHUD.m; sourceTree = "<group>"; };
		8423946D173968AB00C42158 /* Checkmark.png */ = {isa = PBXFileReference; lastKnownFileType = image.png; path = Checkmark.png; sourceTree = "<group>"; };
		8423947117396E0600C42158 /* BasicMapAnnotation.h */ = {isa = PBXFileReference; fileEncoding = 4; lastKnownFileType = sourcecode.c.h; path = BasicMapAnnotation.h; sourceTree = "<group>"; };
		8423947217396E0600C42158 /* BasicMapAnnotation.m */ = {isa = PBXFileReference; fileEncoding = 4; lastKnownFileType = sourcecode.c.objc; path = BasicMapAnnotation.m; sourceTree = "<group>"; };
		8423947317396E0600C42158 /* CallOutAnnotationVifew.h */ = {isa = PBXFileReference; fileEncoding = 4; lastKnownFileType = sourcecode.c.h; path = CallOutAnnotationVifew.h; sourceTree = "<group>"; };
		8423947417396E0600C42158 /* CallOutAnnotationVifew.m */ = {isa = PBXFileReference; fileEncoding = 4; lastKnownFileType = sourcecode.c.objc; path = CallOutAnnotationVifew.m; sourceTree = "<group>"; };
		8423947517396E0600C42158 /* CalloutMapAnnotation.h */ = {isa = PBXFileReference; fileEncoding = 4; lastKnownFileType = sourcecode.c.h; path = CalloutMapAnnotation.h; sourceTree = "<group>"; };
		8423947617396E0600C42158 /* CalloutMapAnnotation.m */ = {isa = PBXFileReference; fileEncoding = 4; lastKnownFileType = sourcecode.c.objc; path = CalloutMapAnnotation.m; sourceTree = "<group>"; };
		8423947717396E0600C42158 /* JingDianMapCell.h */ = {isa = PBXFileReference; fileEncoding = 4; lastKnownFileType = sourcecode.c.h; path = JingDianMapCell.h; sourceTree = "<group>"; };
		8423947817396E0600C42158 /* JingDianMapCell.m */ = {isa = PBXFileReference; fileEncoding = 4; lastKnownFileType = sourcecode.c.objc; path = JingDianMapCell.m; sourceTree = "<group>"; };
		8423947917396E0600C42158 /* JingDianMapCell.xib */ = {isa = PBXFileReference; fileEncoding = 4; lastKnownFileType = file.xib; path = JingDianMapCell.xib; sourceTree = "<group>"; };
		8423947F17396FF900C42158 /* CoreLocation.framework */ = {isa = PBXFileReference; lastKnownFileType = wrapper.framework; name = CoreLocation.framework; path = System/Library/Frameworks/CoreLocation.framework; sourceTree = SDKROOT; };
		842707F416EF922C00C2CC4F /* placecell.xib */ = {isa = PBXFileReference; fileEncoding = 4; lastKnownFileType = file.xib; path = placecell.xib; sourceTree = "<group>"; };
		842707F516EF922C00C2CC4F /* placecell.h */ = {isa = PBXFileReference; fileEncoding = 4; lastKnownFileType = sourcecode.c.h; path = placecell.h; sourceTree = "<group>"; };
		842707F616EF922C00C2CC4F /* placecell.m */ = {isa = PBXFileReference; fileEncoding = 4; lastKnownFileType = sourcecode.c.objc; path = placecell.m; sourceTree = "<group>"; };
		842707F716EF922C00C2CC4F /* sportcell.xib */ = {isa = PBXFileReference; fileEncoding = 4; lastKnownFileType = file.xib; path = sportcell.xib; sourceTree = "<group>"; };
		842707F816EF922C00C2CC4F /* sportcell.h */ = {isa = PBXFileReference; fileEncoding = 4; lastKnownFileType = sourcecode.c.h; path = sportcell.h; sourceTree = "<group>"; };
		842707F916EF922C00C2CC4F /* sportcell.m */ = {isa = PBXFileReference; fileEncoding = 4; lastKnownFileType = sourcecode.c.objc; path = sportcell.m; sourceTree = "<group>"; };
		842707FF16EF926500C2CC4F /* people.png */ = {isa = PBXFileReference; lastKnownFileType = image.png; path = people.png; sourceTree = "<group>"; };
		8427080016EF926500C2CC4F /* badminton.png */ = {isa = PBXFileReference; lastKnownFileType = image.png; path = badminton.png; sourceTree = "<group>"; };
		8427080116EF926500C2CC4F /* fake.jpg */ = {isa = PBXFileReference; lastKnownFileType = image.jpeg; path = fake.jpg; sourceTree = "<group>"; };
		8427080216EF926500C2CC4F /* baseball.png */ = {isa = PBXFileReference; lastKnownFileType = image.png; path = baseball.png; sourceTree = "<group>"; };
		8427080316EF926500C2CC4F /* basketball.png */ = {isa = PBXFileReference; lastKnownFileType = image.png; path = basketball.png; sourceTree = "<group>"; };
		8427080416EF926500C2CC4F /* football.png */ = {isa = PBXFileReference; lastKnownFileType = image.png; path = football.png; sourceTree = "<group>"; };
		8427080516EF926500C2CC4F /* bg.jpg */ = {isa = PBXFileReference; lastKnownFileType = image.jpeg; path = bg.jpg; sourceTree = "<group>"; };
		8427080616EF926500C2CC4F /* soccer.png */ = {isa = PBXFileReference; lastKnownFileType = image.png; path = soccer.png; sourceTree = "<group>"; };
		8427080716EF926500C2CC4F /* tennis.png */ = {isa = PBXFileReference; lastKnownFileType = image.png; path = tennis.png; sourceTree = "<group>"; };
		8427080816EF926500C2CC4F /* volleyball.png */ = {isa = PBXFileReference; lastKnownFileType = image.png; path = volleyball.png; sourceTree = "<group>"; };
		8427080916EF926500C2CC4F /* join.jpg */ = {isa = PBXFileReference; lastKnownFileType = image.jpeg; path = join.jpg; sourceTree = "<group>"; };
		8427080A16EF926500C2CC4F /* knowledge.jpg */ = {isa = PBXFileReference; lastKnownFileType = image.jpeg; path = knowledge.jpg; sourceTree = "<group>"; };
		8427080B16EF926500C2CC4F /* place.jpg */ = {isa = PBXFileReference; lastKnownFileType = image.jpeg; path = place.jpg; sourceTree = "<group>"; };
		8427082016EF96F700C2CC4F /* FPPopoverController.h */ = {isa = PBXFileReference; fileEncoding = 4; lastKnownFileType = sourcecode.c.h; path = FPPopoverController.h; sourceTree = "<group>"; };
		8427082116EF96F700C2CC4F /* FPPopoverController.m */ = {isa = PBXFileReference; fileEncoding = 4; lastKnownFileType = sourcecode.c.objc; path = FPPopoverController.m; sourceTree = "<group>"; };
		8427082216EF96F700C2CC4F /* FPPopoverView.h */ = {isa = PBXFileReference; fileEncoding = 4; lastKnownFileType = sourcecode.c.h; path = FPPopoverView.h; sourceTree = "<group>"; };
		8427082316EF96F700C2CC4F /* FPPopoverView.m */ = {isa = PBXFileReference; fileEncoding = 4; lastKnownFileType = sourcecode.c.objc; path = FPPopoverView.m; sourceTree = "<group>"; };
		8427082416EF96F700C2CC4F /* FPTouchView.h */ = {isa = PBXFileReference; fileEncoding = 4; lastKnownFileType = sourcecode.c.h; path = FPTouchView.h; sourceTree = "<group>"; };
		8427082516EF96F700C2CC4F /* FPTouchView.m */ = {isa = PBXFileReference; fileEncoding = 4; lastKnownFileType = sourcecode.c.objc; path = FPTouchView.m; sourceTree = "<group>"; };
		8427082916EF9AE800C2CC4F /* SKSelectKind.h */ = {isa = PBXFileReference; fileEncoding = 4; lastKnownFileType = sourcecode.c.h; path = SKSelectKind.h; sourceTree = "<group>"; };
		8427082A16EF9AE800C2CC4F /* SKSelectKind.m */ = {isa = PBXFileReference; fileEncoding = 4; lastKnownFileType = sourcecode.c.objc; path = SKSelectKind.m; sourceTree = "<group>"; };
		8427082B16EF9AE800C2CC4F /* SKSelectKind.xib */ = {isa = PBXFileReference; fileEncoding = 4; lastKnownFileType = file.xib; path = SKSelectKind.xib; sourceTree = "<group>"; };
		842BA2FC173E46F80044D6B6 /* SKPlaceData.h */ = {isa = PBXFileReference; fileEncoding = 4; lastKnownFileType = sourcecode.c.h; path = SKPlaceData.h; sourceTree = "<group>"; };
		842BA2FD173E46F80044D6B6 /* SKPlaceData.m */ = {isa = PBXFileReference; fileEncoding = 4; lastKnownFileType = sourcecode.c.objc; path = SKPlaceData.m; sourceTree = "<group>"; };
		842BA2FF173E47020044D6B6 /* SKJoinData.h */ = {isa = PBXFileReference; fileEncoding = 4; lastKnownFileType = sourcecode.c.h; path = SKJoinData.h; sourceTree = "<group>"; };
		842BA300173E47020044D6B6 /* SKJoinData.m */ = {isa = PBXFileReference; fileEncoding = 4; lastKnownFileType = sourcecode.c.objc; path = SKJoinData.m; sourceTree = "<group>"; };
		842BA302173F32830044D6B6 /* Social.framework */ = {isa = PBXFileReference; lastKnownFileType = wrapper.framework; name = Social.framework; path = System/Library/Frameworks/Social.framework; sourceTree = SDKROOT; };
		842BA304173F37F40044D6B6 /* Accounts.framework */ = {isa = PBXFileReference; lastKnownFileType = wrapper.framework; name = Accounts.framework; path = System/Library/Frameworks/Accounts.framework; sourceTree = SDKROOT; };
		8436EE6E175E5A6800BB34AF /* JSON.h */ = {isa = PBXFileReference; fileEncoding = 4; lastKnownFileType = sourcecode.c.h; path = JSON.h; sourceTree = "<group>"; };
		8436EE6F175E5A6800BB34AF /* NSObject+SBJSON.h */ = {isa = PBXFileReference; fileEncoding = 4; lastKnownFileType = sourcecode.c.h; path = "NSObject+SBJSON.h"; sourceTree = "<group>"; };
		8436EE70175E5A6800BB34AF /* NSObject+SBJSON.m */ = {isa = PBXFileReference; fileEncoding = 4; lastKnownFileType = sourcecode.c.objc; path = "NSObject+SBJSON.m"; sourceTree = "<group>"; };
		8436EE71175E5A6800BB34AF /* NSString+SBJSON.h */ = {isa = PBXFileReference; fileEncoding = 4; lastKnownFileType = sourcecode.c.h; path = "NSString+SBJSON.h"; sourceTree = "<group>"; };
		8436EE72175E5A6800BB34AF /* NSString+SBJSON.m */ = {isa = PBXFileReference; fileEncoding = 4; lastKnownFileType = sourcecode.c.objc; path = "NSString+SBJSON.m"; sourceTree = "<group>"; };
		8436EE73175E5A6800BB34AF /* SBJsonBase.h */ = {isa = PBXFileReference; fileEncoding = 4; lastKnownFileType = sourcecode.c.h; path = SBJsonBase.h; sourceTree = "<group>"; };
		8436EE74175E5A6800BB34AF /* SBJsonBase.m */ = {isa = PBXFileReference; fileEncoding = 4; lastKnownFileType = sourcecode.c.objc; path = SBJsonBase.m; sourceTree = "<group>"; };
		8436EE75175E5A6800BB34AF /* SBJsonParser.h */ = {isa = PBXFileReference; fileEncoding = 4; lastKnownFileType = sourcecode.c.h; path = SBJsonParser.h; sourceTree = "<group>"; };
		8436EE76175E5A6800BB34AF /* SBJsonParser.m */ = {isa = PBXFileReference; fileEncoding = 4; lastKnownFileType = sourcecode.c.objc; path = SBJsonParser.m; sourceTree = "<group>"; };
		8436EE77175E5A6800BB34AF /* SBJsonWriter.h */ = {isa = PBXFileReference; fileEncoding = 4; lastKnownFileType = sourcecode.c.h; path = SBJsonWriter.h; sourceTree = "<group>"; };
		8436EE78175E5A6800BB34AF /* SBJsonWriter.m */ = {isa = PBXFileReference; fileEncoding = 4; lastKnownFileType = sourcecode.c.objc; path = SBJsonWriter.m; sourceTree = "<group>"; };
		84BABF0A16EDAA2D00BDD596 /* SKJoin.h */ = {isa = PBXFileReference; fileEncoding = 4; lastKnownFileType = sourcecode.c.h; path = SKJoin.h; sourceTree = "<group>"; };
		84BABF0B16EDAA2D00BDD596 /* SKJoin.m */ = {isa = PBXFileReference; fileEncoding = 4; lastKnownFileType = sourcecode.c.objc; path = SKJoin.m; sourceTree = "<group>"; };
		84BABF0D16EDAB1300BDD596 /* SKKnowledge.h */ = {isa = PBXFileReference; fileEncoding = 4; lastKnownFileType = sourcecode.c.h; path = SKKnowledge.h; sourceTree = "<group>"; };
		84BABF0E16EDAB1300BDD596 /* SKKnowledge.m */ = {isa = PBXFileReference; fileEncoding = 4; lastKnownFileType = sourcecode.c.objc; path = SKKnowledge.m; sourceTree = "<group>"; };
		84EEC0B316E8491000E799DD /* sportking.app */ = {isa = PBXFileReference; explicitFileType = wrapper.application; includeInIndex = 0; path = sportking.app; sourceTree = BUILT_PRODUCTS_DIR; };
		84EEC0B616E8491000E799DD /* UIKit.framework */ = {isa = PBXFileReference; lastKnownFileType = wrapper.framework; name = UIKit.framework; path = System/Library/Frameworks/UIKit.framework; sourceTree = SDKROOT; };
		84EEC0B816E8491000E799DD /* Foundation.framework */ = {isa = PBXFileReference; lastKnownFileType = wrapper.framework; name = Foundation.framework; path = System/Library/Frameworks/Foundation.framework; sourceTree = SDKROOT; };
		84EEC0BA16E8491000E799DD /* CoreGraphics.framework */ = {isa = PBXFileReference; lastKnownFileType = wrapper.framework; name = CoreGraphics.framework; path = System/Library/Frameworks/CoreGraphics.framework; sourceTree = SDKROOT; };
		84EEC0BE16E8491000E799DD /* sportking-Info.plist */ = {isa = PBXFileReference; lastKnownFileType = text.plist.xml; path = "sportking-Info.plist"; sourceTree = "<group>"; };
		84EEC0C016E8491000E799DD /* en */ = {isa = PBXFileReference; lastKnownFileType = text.plist.strings; name = en; path = en.lproj/InfoPlist.strings; sourceTree = "<group>"; };
		84EEC0C216E8491000E799DD /* main.m */ = {isa = PBXFileReference; lastKnownFileType = sourcecode.c.objc; path = main.m; sourceTree = "<group>"; };
		84EEC0C416E8491000E799DD /* sportking-Prefix.pch */ = {isa = PBXFileReference; lastKnownFileType = sourcecode.c.h; path = "sportking-Prefix.pch"; sourceTree = "<group>"; };
		84EEC0C516E8491000E799DD /* SKAppDelegate.h */ = {isa = PBXFileReference; lastKnownFileType = sourcecode.c.h; path = SKAppDelegate.h; sourceTree = "<group>"; };
		84EEC0C616E8491000E799DD /* SKAppDelegate.m */ = {isa = PBXFileReference; lastKnownFileType = sourcecode.c.objc; path = SKAppDelegate.m; sourceTree = "<group>"; };
		84EEC0C816E8491000E799DD /* Default.png */ = {isa = PBXFileReference; lastKnownFileType = image.png; path = Default.png; sourceTree = "<group>"; };
		84EEC0CA16E8491000E799DD /* Default@2x.png */ = {isa = PBXFileReference; lastKnownFileType = image.png; path = "Default@2x.png"; sourceTree = "<group>"; };
		84EEC0CC16E8491000E799DD /* Default-568h@2x.png */ = {isa = PBXFileReference; lastKnownFileType = image.png; path = "Default-568h@2x.png"; sourceTree = "<group>"; };
		84EEC0CF16E8491000E799DD /* en */ = {isa = PBXFileReference; lastKnownFileType = file.storyboard; name = en; path = en.lproj/MainStoryboard_iPhone.storyboard; sourceTree = "<group>"; };
		84EEC0D216E8491000E799DD /* en */ = {isa = PBXFileReference; lastKnownFileType = file.storyboard; name = en; path = en.lproj/MainStoryboard_iPad.storyboard; sourceTree = "<group>"; };
		84EEC0D416E8491000E799DD /* SKViewController.h */ = {isa = PBXFileReference; lastKnownFileType = sourcecode.c.h; path = SKViewController.h; sourceTree = "<group>"; };
		84EEC0D516E8491000E799DD /* SKViewController.m */ = {isa = PBXFileReference; lastKnownFileType = sourcecode.c.objc; path = SKViewController.m; sourceTree = "<group>"; };
/* End PBXFileReference section */

/* Begin PBXFrameworksBuildPhase section */
		84EEC0B016E8491000E799DD /* Frameworks */ = {
			isa = PBXFrameworksBuildPhase;
			buildActionMask = 2147483647;
			files = (
				842BA305173F37F40044D6B6 /* Accounts.framework in Frameworks */,
				842BA303173F32830044D6B6 /* Social.framework in Frameworks */,
				2CE00FBB1739970D0007C0CC /* libxml2.dylib in Frameworks */,
				2CE00FB9173997040007C0CC /* libz.dylib in Frameworks */,
				84EEC0BB16E8491000E799DD /* CoreGraphics.framework in Frameworks */,
				2CE00FB7173996F40007C0CC /* MobileCoreServices.framework in Frameworks */,
				2CE00FB5173996EB0007C0CC /* SystemConfiguration.framework in Frameworks */,
				2CE00FB3173996E60007C0CC /* CFNetwork.framework in Frameworks */,
				8423948017396FF900C42158 /* CoreLocation.framework in Frameworks */,
				841268A016EA58A300A85E65 /* MapKit.framework in Frameworks */,
				84EEC0B716E8491000E799DD /* UIKit.framework in Frameworks */,
				84EEC0B916E8491000E799DD /* Foundation.framework in Frameworks */,
			);
			runOnlyForDeploymentPostprocessing = 0;
		};
/* End PBXFrameworksBuildPhase section */

/* Begin PBXGroup section */
		2C6807C81739A8CF00DF430D /* ASIHTTPRequest */ = {
			isa = PBXGroup;
			children = (
				2C6807C91739A8CF00DF430D /* ASIAuthenticationDialog.h */,
				2C6807CA1739A8CF00DF430D /* ASIAuthenticationDialog.m */,
				2C6807CB1739A8CF00DF430D /* ASICacheDelegate.h */,
				2C6807CC1739A8CF00DF430D /* ASIDataCompressor.h */,
				2C6807CD1739A8CF00DF430D /* ASIDataCompressor.m */,
				2C6807CE1739A8CF00DF430D /* ASIDataDecompressor.h */,
				2C6807CF1739A8CF00DF430D /* ASIDataDecompressor.m */,
				2C6807D01739A8CF00DF430D /* ASIDownloadCache.h */,
				2C6807D11739A8CF00DF430D /* ASIDownloadCache.m */,
				2C6807D21739A8CF00DF430D /* ASIFormDataRequest.h */,
				2C6807D31739A8CF00DF430D /* ASIFormDataRequest.m */,
				2C6807D41739A8CF00DF430D /* ASIHTTPRequest.h */,
				2C6807D51739A8CF00DF430D /* ASIHTTPRequest.m */,
				2C6807D61739A8CF00DF430D /* ASIHTTPRequestConfig.h */,
				2C6807D71739A8CF00DF430D /* ASIHTTPRequestDelegate.h */,
				2C6807D81739A8CF00DF430D /* ASIInputStream.h */,
				2C6807D91739A8CF00DF430D /* ASIInputStream.m */,
				2C6807DA1739A8CF00DF430D /* ASINetworkQueue.h */,
				2C6807DB1739A8CF00DF430D /* ASINetworkQueue.m */,
				2C6807DC1739A8CF00DF430D /* ASIProgressDelegate.h */,
				2C6807DD1739A8CF00DF430D /* Reachability.h */,
				2C6807DE1739A8CF00DF430D /* Reachability.m */,
			);
			path = ASIHTTPRequest;
			sourceTree = "<group>";
		};
		2C6807E81739A91300DF430D /* JSONDictionaryExtensions */ = {
			isa = PBXGroup;
			children = (
				2C6807E91739A91300DF430D /* JSONDictionaryExtensions.h */,
			);
			path = JSONDictionaryExtensions;
			sourceTree = "<group>";
		};
		8412685E16EA4C1E00A85E65 /* Classes */ = {
			isa = PBXGroup;
			children = (
				841BAE27175D94E300AF21F4 /* SKAPI */,
				842BA2FB173E46640044D6B6 /* data */,
				2C6807E81739A91300DF430D /* JSONDictionaryExtensions */,
				2C6807C81739A8CF00DF430D /* ASIHTTPRequest */,
				8423947017396E0600C42158 /* CustomMapCalloutView */,
				8427081E16EF96DC00C2CC4F /* fppopover */,
				842707F316EF921F00C2CC4F /* Cell */,
				8423946A173968AB00C42158 /* BDKNotifyHUD */,
				8412685F16EA4F9200A85E65 /* SKFindPlace.h */,
				8412686016EA4F9200A85E65 /* SKFindPlace.m */,
				84BABF0A16EDAA2D00BDD596 /* SKJoin.h */,
				84BABF0B16EDAA2D00BDD596 /* SKJoin.m */,
				84BABF0D16EDAB1300BDD596 /* SKKnowledge.h */,
				84BABF0E16EDAB1300BDD596 /* SKKnowledge.m */,
				8410D39A1739FA0D00DA74B2 /* SKMapDetail.h */,
				8410D39B1739FA0D00DA74B2 /* SKMapDetail.m */,
				84239467173967D100C42158 /* SKJoinDetail.h */,
				84239468173967D100C42158 /* SKJoinDetail.m */,
			);
			path = Classes;
			sourceTree = "<group>";
		};
		841BAE27175D94E300AF21F4 /* SKAPI */ = {
			isa = PBXGroup;
			children = (
				841BAE28175D94F600AF21F4 /* SKAPI.h */,
				841BAE29175D94F600AF21F4 /* SKAPI.m */,
			);
			path = SKAPI;
			sourceTree = "<group>";
		};
		8423946A173968AB00C42158 /* BDKNotifyHUD */ = {
			isa = PBXGroup;
			children = (
				8423946B173968AB00C42158 /* BDKNotifyHUD.h */,
				8423946C173968AB00C42158 /* BDKNotifyHUD.m */,
				8423946D173968AB00C42158 /* Checkmark.png */,
			);
			path = BDKNotifyHUD;
			sourceTree = "<group>";
		};
		8423947017396E0600C42158 /* CustomMapCalloutView */ = {
			isa = PBXGroup;
			children = (
				8423947117396E0600C42158 /* BasicMapAnnotation.h */,
				8423947217396E0600C42158 /* BasicMapAnnotation.m */,
				8423947317396E0600C42158 /* CallOutAnnotationVifew.h */,
				8423947417396E0600C42158 /* CallOutAnnotationVifew.m */,
				8423947517396E0600C42158 /* CalloutMapAnnotation.h */,
				8423947617396E0600C42158 /* CalloutMapAnnotation.m */,
				8423947717396E0600C42158 /* JingDianMapCell.h */,
				8423947817396E0600C42158 /* JingDianMapCell.m */,
				8423947917396E0600C42158 /* JingDianMapCell.xib */,
			);
			path = CustomMapCalloutView;
			sourceTree = "<group>";
		};
		842707F316EF921F00C2CC4F /* Cell */ = {
			isa = PBXGroup;
			children = (
				842707F416EF922C00C2CC4F /* placecell.xib */,
				842707F516EF922C00C2CC4F /* placecell.h */,
				842707F616EF922C00C2CC4F /* placecell.m */,
				842707F716EF922C00C2CC4F /* sportcell.xib */,
				842707F816EF922C00C2CC4F /* sportcell.h */,
				842707F916EF922C00C2CC4F /* sportcell.m */,
			);
			path = Cell;
			sourceTree = "<group>";
		};
		842707FE16EF925900C2CC4F /* Images */ = {
			isa = PBXGroup;
			children = (
				8410D3981739E6AD00DA74B2 /* pin.png */,
				842707FF16EF926500C2CC4F /* people.png */,
				8427080016EF926500C2CC4F /* badminton.png */,
				8427080116EF926500C2CC4F /* fake.jpg */,
				8427080216EF926500C2CC4F /* baseball.png */,
				8427080316EF926500C2CC4F /* basketball.png */,
				8427080416EF926500C2CC4F /* football.png */,
				8427080516EF926500C2CC4F /* bg.jpg */,
				8427080616EF926500C2CC4F /* soccer.png */,
				8427080716EF926500C2CC4F /* tennis.png */,
				8427080816EF926500C2CC4F /* volleyball.png */,
				8427080916EF926500C2CC4F /* join.jpg */,
				8427080A16EF926500C2CC4F /* knowledge.jpg */,
				8427080B16EF926500C2CC4F /* place.jpg */,
			);
			path = Images;
			sourceTree = "<group>";
		};
		8427081E16EF96DC00C2CC4F /* fppopover */ = {
			isa = PBXGroup;
			children = (
				8427082016EF96F700C2CC4F /* FPPopoverController.h */,
				8427082116EF96F700C2CC4F /* FPPopoverController.m */,
				8427082216EF96F700C2CC4F /* FPPopoverView.h */,
				8427082316EF96F700C2CC4F /* FPPopoverView.m */,
				8427082416EF96F700C2CC4F /* FPTouchView.h */,
				8427082516EF96F700C2CC4F /* FPTouchView.m */,
				8427082916EF9AE800C2CC4F /* SKSelectKind.h */,
				8427082A16EF9AE800C2CC4F /* SKSelectKind.m */,
				8427082B16EF9AE800C2CC4F /* SKSelectKind.xib */,
			);
			path = fppopover;
			sourceTree = "<group>";
		};
		842BA2FB173E46640044D6B6 /* data */ = {
			isa = PBXGroup;
			children = (
				842BA2FC173E46F80044D6B6 /* SKPlaceData.h */,
				842BA2FD173E46F80044D6B6 /* SKPlaceData.m */,
				842BA2FF173E47020044D6B6 /* SKJoinData.h */,
				842BA300173E47020044D6B6 /* SKJoinData.m */,
			);
			path = data;
			sourceTree = "<group>";
		};
		842BA306173F47280044D6B6 /* Third Party */ = {
			isa = PBXGroup;
			children = (
			);
			path = "Third Party";
			sourceTree = "<group>";
		};
		8436EE6D175E5A6800BB34AF /* JSON */ = {
			isa = PBXGroup;
			children = (
				8436EE6E175E5A6800BB34AF /* JSON.h */,
				8436EE6F175E5A6800BB34AF /* NSObject+SBJSON.h */,
				8436EE70175E5A6800BB34AF /* NSObject+SBJSON.m */,
				8436EE71175E5A6800BB34AF /* NSString+SBJSON.h */,
				8436EE72175E5A6800BB34AF /* NSString+SBJSON.m */,
				8436EE73175E5A6800BB34AF /* SBJsonBase.h */,
				8436EE74175E5A6800BB34AF /* SBJsonBase.m */,
				8436EE75175E5A6800BB34AF /* SBJsonParser.h */,
				8436EE76175E5A6800BB34AF /* SBJsonParser.m */,
				8436EE77175E5A6800BB34AF /* SBJsonWriter.h */,
				8436EE78175E5A6800BB34AF /* SBJsonWriter.m */,
			);
			path = JSON;
			sourceTree = "<group>";
		};
		84EEC0AA16E8491000E799DD = {
			isa = PBXGroup;
			children = (
				842BA304173F37F40044D6B6 /* Accounts.framework */,
				842BA302173F32830044D6B6 /* Social.framework */,
				84EEC0BC16E8491000E799DD /* sportking */,
				84EEC0B516E8491000E799DD /* Frameworks */,
				84EEC0B416E8491000E799DD /* Products */,
			);
			sourceTree = "<group>";
		};
		84EEC0B416E8491000E799DD /* Products */ = {
			isa = PBXGroup;
			children = (
				84EEC0B316E8491000E799DD /* sportking.app */,
			);
			name = Products;
			sourceTree = "<group>";
		};
		84EEC0B516E8491000E799DD /* Frameworks */ = {
			isa = PBXGroup;
			children = (
				2CE00FBA1739970D0007C0CC /* libxml2.dylib */,
				2CE00FB8173997040007C0CC /* libz.dylib */,
				2CE00FB6173996F40007C0CC /* MobileCoreServices.framework */,
				2CE00FB4173996EB0007C0CC /* SystemConfiguration.framework */,
				2CE00FB2173996E60007C0CC /* CFNetwork.framework */,
				8423947F17396FF900C42158 /* CoreLocation.framework */,
				8412689F16EA58A300A85E65 /* MapKit.framework */,
				84EEC0B616E8491000E799DD /* UIKit.framework */,
				84EEC0B816E8491000E799DD /* Foundation.framework */,
				84EEC0BA16E8491000E799DD /* CoreGraphics.framework */,
			);
			name = Frameworks;
			sourceTree = "<group>";
		};
		84EEC0BC16E8491000E799DD /* sportking */ = {
			isa = PBXGroup;
			children = (
				8412685E16EA4C1E00A85E65 /* Classes */,
				84EEC0C516E8491000E799DD /* SKAppDelegate.h */,
				84EEC0C616E8491000E799DD /* SKAppDelegate.m */,
				84EEC0CE16E8491000E799DD /* MainStoryboard_iPhone.storyboard */,
				84EEC0D116E8491000E799DD /* MainStoryboard_iPad.storyboard */,
				84EEC0D416E8491000E799DD /* SKViewController.h */,
				84EEC0D516E8491000E799DD /* SKViewController.m */,
				8436EE6D175E5A6800BB34AF /* JSON */,
				842BA306173F47280044D6B6 /* Third Party */,
				842707FE16EF925900C2CC4F /* Images */,
				84EEC0BD16E8491000E799DD /* Supporting Files */,
			);
			path = sportking;
			sourceTree = "<group>";
		};
		84EEC0BD16E8491000E799DD /* Supporting Files */ = {
			isa = PBXGroup;
			children = (
				84EEC0BE16E8491000E799DD /* sportking-Info.plist */,
				84EEC0BF16E8491000E799DD /* InfoPlist.strings */,
				84EEC0C216E8491000E799DD /* main.m */,
				84EEC0C416E8491000E799DD /* sportking-Prefix.pch */,
				84EEC0C816E8491000E799DD /* Default.png */,
				84EEC0CA16E8491000E799DD /* Default@2x.png */,
				84EEC0CC16E8491000E799DD /* Default-568h@2x.png */,
			);
			name = "Supporting Files";
			sourceTree = "<group>";
		};
/* End PBXGroup section */

/* Begin PBXNativeTarget section */
		84EEC0B216E8491000E799DD /* sportking */ = {
			isa = PBXNativeTarget;
			buildConfigurationList = 84EEC0D916E8491000E799DD /* Build configuration list for PBXNativeTarget "sportking" */;
			buildPhases = (
				84EEC0AF16E8491000E799DD /* Sources */,
				84EEC0B016E8491000E799DD /* Frameworks */,
				84EEC0B116E8491000E799DD /* Resources */,
			);
			buildRules = (
			);
			dependencies = (
			);
			name = sportking;
			productName = sportking;
			productReference = 84EEC0B316E8491000E799DD /* sportking.app */;
			productType = "com.apple.product-type.application";
		};
/* End PBXNativeTarget section */

/* Begin PBXProject section */
		84EEC0AB16E8491000E799DD /* Project object */ = {
			isa = PBXProject;
			attributes = {
				CLASSPREFIX = SK;
				LastUpgradeCheck = 0460;
				ORGANIZATIONNAME = yang;
			};
			buildConfigurationList = 84EEC0AE16E8491000E799DD /* Build configuration list for PBXProject "sportking" */;
			compatibilityVersion = "Xcode 3.2";
			developmentRegion = English;
			hasScannedForEncodings = 0;
			knownRegions = (
				en,
			);
			mainGroup = 84EEC0AA16E8491000E799DD;
			productRefGroup = 84EEC0B416E8491000E799DD /* Products */;
			projectDirPath = "";
			projectRoot = "";
			targets = (
				84EEC0B216E8491000E799DD /* sportking */,
			);
		};
/* End PBXProject section */

/* Begin PBXResourcesBuildPhase section */
		84EEC0B116E8491000E799DD /* Resources */ = {
			isa = PBXResourcesBuildPhase;
			buildActionMask = 2147483647;
			files = (
				84EEC0C116E8491000E799DD /* InfoPlist.strings in Resources */,
				84EEC0C916E8491000E799DD /* Default.png in Resources */,
				84EEC0CB16E8491000E799DD /* Default@2x.png in Resources */,
				84EEC0CD16E8491000E799DD /* Default-568h@2x.png in Resources */,
				84EEC0D016E8491000E799DD /* MainStoryboard_iPhone.storyboard in Resources */,
				84EEC0D316E8491000E799DD /* MainStoryboard_iPad.storyboard in Resources */,
				842707FA16EF922C00C2CC4F /* placecell.xib in Resources */,
				842707FC16EF922C00C2CC4F /* sportcell.xib in Resources */,
				8427080C16EF926500C2CC4F /* people.png in Resources */,
				8427080D16EF926500C2CC4F /* badminton.png in Resources */,
				8427080E16EF926500C2CC4F /* fake.jpg in Resources */,
				8427080F16EF926500C2CC4F /* baseball.png in Resources */,
				8427081016EF926500C2CC4F /* basketball.png in Resources */,
				8427081116EF926500C2CC4F /* football.png in Resources */,
				8427081216EF926500C2CC4F /* bg.jpg in Resources */,
				8427081316EF926500C2CC4F /* soccer.png in Resources */,
				8427081416EF926500C2CC4F /* tennis.png in Resources */,
				8427081516EF926500C2CC4F /* volleyball.png in Resources */,
				8427081616EF926500C2CC4F /* join.jpg in Resources */,
				8427081716EF926500C2CC4F /* knowledge.jpg in Resources */,
				8427081816EF926500C2CC4F /* place.jpg in Resources */,
				8427082D16EF9AE800C2CC4F /* SKSelectKind.xib in Resources */,
				8423946F173968AB00C42158 /* Checkmark.png in Resources */,
				8423947E17396E0600C42158 /* JingDianMapCell.xib in Resources */,
				8410D3991739E6AD00DA74B2 /* pin.png in Resources */,
			);
			runOnlyForDeploymentPostprocessing = 0;
		};
/* End PBXResourcesBuildPhase section */

/* Begin PBXSourcesBuildPhase section */
		84EEC0AF16E8491000E799DD /* Sources */ = {
			isa = PBXSourcesBuildPhase;
			buildActionMask = 2147483647;
			files = (
				84EEC0C316E8491000E799DD /* main.m in Sources */,
				84EEC0C716E8491000E799DD /* SKAppDelegate.m in Sources */,
				84EEC0D616E8491000E799DD /* SKViewController.m in Sources */,
				8412686116EA4F9200A85E65 /* SKFindPlace.m in Sources */,
				84BABF0C16EDAA2D00BDD596 /* SKJoin.m in Sources */,
				84BABF0F16EDAB1300BDD596 /* SKKnowledge.m in Sources */,
				842707FB16EF922C00C2CC4F /* placecell.m in Sources */,
				842707FD16EF922C00C2CC4F /* sportcell.m in Sources */,
				8427082616EF96F700C2CC4F /* FPPopoverController.m in Sources */,
				8427082716EF96F700C2CC4F /* FPPopoverView.m in Sources */,
				8427082816EF96F700C2CC4F /* FPTouchView.m in Sources */,
				8427082C16EF9AE800C2CC4F /* SKSelectKind.m in Sources */,
				84239469173967D100C42158 /* SKJoinDetail.m in Sources */,
				8423946E173968AB00C42158 /* BDKNotifyHUD.m in Sources */,
				8423947A17396E0600C42158 /* BasicMapAnnotation.m in Sources */,
				8423947B17396E0600C42158 /* CallOutAnnotationVifew.m in Sources */,
				8423947C17396E0600C42158 /* CalloutMapAnnotation.m in Sources */,
				8423947D17396E0600C42158 /* JingDianMapCell.m in Sources */,
				2C6807DF1739A8CF00DF430D /* ASIAuthenticationDialog.m in Sources */,
				2C6807E01739A8CF00DF430D /* ASIDataCompressor.m in Sources */,
				2C6807E11739A8CF00DF430D /* ASIDataDecompressor.m in Sources */,
				2C6807E21739A8CF00DF430D /* ASIDownloadCache.m in Sources */,
				2C6807E31739A8CF00DF430D /* ASIFormDataRequest.m in Sources */,
				2C6807E41739A8CF00DF430D /* ASIHTTPRequest.m in Sources */,
				2C6807E51739A8CF00DF430D /* ASIInputStream.m in Sources */,
				2C6807E61739A8CF00DF430D /* ASINetworkQueue.m in Sources */,
				2C6807E71739A8CF00DF430D /* Reachability.m in Sources */,
				8410D39C1739FA0D00DA74B2 /* SKMapDetail.m in Sources */,
				842BA2FE173E46F80044D6B6 /* SKPlaceData.m in Sources */,
				842BA301173E47020044D6B6 /* SKJoinData.m in Sources */,
				841BAE2A175D94F600AF21F4 /* SKAPI.m in Sources */,
				8436EE79175E5A6800BB34AF /* NSObject+SBJSON.m in Sources */,
				8436EE7A175E5A6800BB34AF /* NSString+SBJSON.m in Sources */,
				8436EE7B175E5A6800BB34AF /* SBJsonBase.m in Sources */,
				8436EE7C175E5A6800BB34AF /* SBJsonParser.m in Sources */,
				8436EE7D175E5A6800BB34AF /* SBJsonWriter.m in Sources */,
			);
			runOnlyForDeploymentPostprocessing = 0;
		};
/* End PBXSourcesBuildPhase section */

/* Begin PBXVariantGroup section */
		84EEC0BF16E8491000E799DD /* InfoPlist.strings */ = {
			isa = PBXVariantGroup;
			children = (
				84EEC0C016E8491000E799DD /* en */,
			);
			name = InfoPlist.strings;
			sourceTree = "<group>";
		};
		84EEC0CE16E8491000E799DD /* MainStoryboard_iPhone.storyboard */ = {
			isa = PBXVariantGroup;
			children = (
				84EEC0CF16E8491000E799DD /* en */,
			);
			name = MainStoryboard_iPhone.storyboard;
			sourceTree = "<group>";
		};
		84EEC0D116E8491000E799DD /* MainStoryboard_iPad.storyboard */ = {
			isa = PBXVariantGroup;
			children = (
				84EEC0D216E8491000E799DD /* en */,
			);
			name = MainStoryboard_iPad.storyboard;
			sourceTree = "<group>";
		};
/* End PBXVariantGroup section */

/* Begin XCBuildConfiguration section */
		84EEC0D716E8491000E799DD /* Debug */ = {
			isa = XCBuildConfiguration;
			buildSettings = {
				ALWAYS_SEARCH_USER_PATHS = NO;
				CLANG_CXX_LANGUAGE_STANDARD = "gnu++0x";
				CLANG_CXX_LIBRARY = "libc++";
				CLANG_ENABLE_OBJC_ARC = YES;
				CLANG_WARN_CONSTANT_CONVERSION = YES;
				CLANG_WARN_EMPTY_BODY = YES;
				CLANG_WARN_ENUM_CONVERSION = YES;
				CLANG_WARN_INT_CONVERSION = YES;
				CLANG_WARN__DUPLICATE_METHOD_MATCH = YES;
				"CODE_SIGN_IDENTITY[sdk=iphoneos*]" = "iPhone Developer";
				COPY_PHASE_STRIP = NO;
				GCC_C_LANGUAGE_STANDARD = gnu99;
				GCC_DYNAMIC_NO_PIC = NO;
				GCC_OPTIMIZATION_LEVEL = 0;
				GCC_PREPROCESSOR_DEFINITIONS = (
					"DEBUG=1",
					"$(inherited)",
				);
				GCC_SYMBOLS_PRIVATE_EXTERN = NO;
				GCC_WARN_ABOUT_RETURN_TYPE = YES;
				GCC_WARN_UNINITIALIZED_AUTOS = YES;
				GCC_WARN_UNUSED_VARIABLE = YES;
				IPHONEOS_DEPLOYMENT_TARGET = 5.0;
				ONLY_ACTIVE_ARCH = YES;
				SDKROOT = iphoneos;
				TARGETED_DEVICE_FAMILY = "1,2";
			};
			name = Debug;
		};
		84EEC0D816E8491000E799DD /* Release */ = {
			isa = XCBuildConfiguration;
			buildSettings = {
				ALWAYS_SEARCH_USER_PATHS = NO;
				CLANG_CXX_LANGUAGE_STANDARD = "gnu++0x";
				CLANG_CXX_LIBRARY = "libc++";
				CLANG_ENABLE_OBJC_ARC = YES;
				CLANG_WARN_CONSTANT_CONVERSION = YES;
				CLANG_WARN_EMPTY_BODY = YES;
				CLANG_WARN_ENUM_CONVERSION = YES;
				CLANG_WARN_INT_CONVERSION = YES;
				CLANG_WARN__DUPLICATE_METHOD_MATCH = YES;
				"CODE_SIGN_IDENTITY[sdk=iphoneos*]" = "iPhone Developer";
				COPY_PHASE_STRIP = YES;
				GCC_C_LANGUAGE_STANDARD = gnu99;
				GCC_WARN_ABOUT_RETURN_TYPE = YES;
				GCC_WARN_UNINITIALIZED_AUTOS = YES;
				GCC_WARN_UNUSED_VARIABLE = YES;
				IPHONEOS_DEPLOYMENT_TARGET = 5.0;
				OTHER_CFLAGS = "-DNS_BLOCK_ASSERTIONS=1";
				SDKROOT = iphoneos;
				TARGETED_DEVICE_FAMILY = "1,2";
				VALIDATE_PRODUCT = YES;
			};
			name = Release;
		};
		84EEC0DA16E8491000E799DD /* Debug */ = {
			isa = XCBuildConfiguration;
			buildSettings = {
				CLANG_ENABLE_OBJC_ARC = NO;
				FRAMEWORK_SEARCH_PATHS = (
					"$(inherited)",
					"\"$(SRCROOT)\"",
				);
				GCC_PRECOMPILE_PREFIX_HEADER = YES;
				GCC_PREFIX_HEADER = "sportking/sportking-Prefix.pch";
				INFOPLIST_FILE = "sportking/sportking-Info.plist";
				IPHONEOS_DEPLOYMENT_TARGET = 5.0;
				LIBRARY_SEARCH_PATHS = (
					"$(inherited)",
					"\"$(SRCROOT)/sportking/Third Party/facebook\"",
				);
				PRODUCT_NAME = "$(TARGET_NAME)";
				TARGETED_DEVICE_FAMILY = 1;
				WRAPPER_EXTENSION = app;
			};
			name = Debug;
		};
		84EEC0DB16E8491000E799DD /* Release */ = {
			isa = XCBuildConfiguration;
			buildSettings = {
				CLANG_ENABLE_OBJC_ARC = NO;
				FRAMEWORK_SEARCH_PATHS = (
					"$(inherited)",
					"\"$(SRCROOT)\"",
				);
				GCC_PRECOMPILE_PREFIX_HEADER = YES;
				GCC_PREFIX_HEADER = "sportking/sportking-Prefix.pch";
				INFOPLIST_FILE = "sportking/sportking-Info.plist";
				IPHONEOS_DEPLOYMENT_TARGET = 5.0;
				LIBRARY_SEARCH_PATHS = (
					"$(inherited)",
					"\"$(SRCROOT)/sportking/Third Party/facebook\"",
				);
				PRODUCT_NAME = "$(TARGET_NAME)";
				TARGETED_DEVICE_FAMILY = 1;
				WRAPPER_EXTENSION = app;
			};
			name = Release;
		};
/* End XCBuildConfiguration section */

/* Begin XCConfigurationList section */
		84EEC0AE16E8491000E799DD /* Build configuration list for PBXProject "sportking" */ = {
			isa = XCConfigurationList;
			buildConfigurations = (
				84EEC0D716E8491000E799DD /* Debug */,
				84EEC0D816E8491000E799DD /* Release */,
			);
			defaultConfigurationIsVisible = 0;
			defaultConfigurationName = Release;
		};
		84EEC0D916E8491000E799DD /* Build configuration list for PBXNativeTarget "sportking" */ = {
			isa = XCConfigurationList;
			buildConfigurations = (
				84EEC0DA16E8491000E799DD /* Debug */,
				84EEC0DB16E8491000E799DD /* Release */,
			);
			defaultConfigurationIsVisible = 0;
			defaultConfigurationName = Release;
		};
/* End XCConfigurationList section */
	};
	rootObject = 84EEC0AB16E8491000E799DD /* Project object */;
}
